<?xml version="1.0" encoding="utf-8"?>
<Project ToolsVersion="4.0" xmlns="http://schemas.microsoft.com/developer/msbuild/2003">
  <ItemGroup>
    <Filter Include="Source Files">
      <UniqueIdentifier>{4FC737F1-C7A5-4376-A066-2A32D752A2FF}</UniqueIdentifier>
      <Extensions>cpp;c;cc;cxx;def;odl;idl;hpj;bat;asm;asmx</Extensions>
    </Filter>
    <Filter Include="Header Files">
      <UniqueIdentifier>{93995380-89BD-4b04-88EB-625FBE52EBFB}</UniqueIdentifier>
      <Extensions>h;hh;hpp;hxx;hm;inl;inc;ipp;xsd</Extensions>
    </Filter>
    <Filter Include="Resource Files">
      <UniqueIdentifier>{67DA6AB6-F800-4c08-8B7A-83BB121AAD01}</UniqueIdentifier>
      <Extensions>rc;ico;cur;bmp;dlg;rc2;rct;bin;rgs;gif;jpg;jpeg;jpe;resx;tiff;tif;png;wav;mfcribbon-ms</Extensions>
    </Filter>
  </ItemGroup>
  <ItemGroup>
    <ClCompile Include="main.cpp">
      <Filter>Source Files</Filter>
    </ClCompile>
    <ClCompile Include="externals\imgui\backends\imgui_impl_dx10.cpp">
      <Filter>Source Files</Filter>
    </ClCompile>
    <ClCompile Include="externals\imgui\backends\imgui_impl_dx11.cpp">
      <Filter>Source Files</Filter>
    </ClCompile>
    <ClCompile Include="externals\imgui\backends\imgui_impl_dx12.cpp">
      <Filter>Source Files</Filter>
    </ClCompile>
    <ClCompile Include="externals\imgui\backends\imgui_impl_dx9.cpp">
      <Filter>Source Files</Filter>
    </ClCompile>
    <ClCompile Include="externals\imgui\backends\imgui_impl_glfw.cpp">
      <Filter>Source Files</Filter>
    </ClCompile>
    <ClCompile Include="externals\imgui\backends\imgui_impl_glut.cpp">
      <Filter>Source Files</Filter>
    </ClCompile>
    <ClCompile Include="externals\imgui\backends\imgui_impl_opengl2.cpp">
      <Filter>Source Files</Filter>
    </ClCompile>
    <ClCompile Include="externals\imgui\backends\imgui_impl_opengl3.cpp">
      <Filter>Source Files</Filter>
    </ClCompile>
    <ClCompile Include="externals\imgui\backends\imgui_impl_sdl2.cpp">
      <Filter>Source Files</Filter>
    </ClCompile>
    <ClCompile Include="externals\imgui\backends\imgui_impl_sdl3.cpp">
      <Filter>Source Files</Filter>
    </ClCompile>
    <ClCompile Include="externals\imgui\backends\imgui_impl_sdlgpu3.cpp">
      <Filter>Source Files</Filter>
    </ClCompile>
    <ClCompile Include="externals\imgui\backends\imgui_impl_sdlrenderer2.cpp">
      <Filter>Source Files</Filter>
    </ClCompile>
    <ClCompile Include="externals\imgui\backends\imgui_impl_sdlrenderer3.cpp">
      <Filter>Source Files</Filter>
    </ClCompile>
    <ClCompile Include="externals\imgui\backends\imgui_impl_vulkan.cpp">
      <Filter>Source Files</Filter>
    </ClCompile>
    <ClCompile Include="externals\imgui\backends\imgui_impl_wgpu.cpp">
      <Filter>Source Files</Filter>
    </ClCompile>
    <ClCompile Include="externals\imgui\backends\imgui_impl_win32.cpp">
      <Filter>Source Files</Filter>
    </ClCompile>
    <ClCompile Include="externals\imgui\imgui.cpp">
      <Filter>Source Files</Filter>
    </ClCompile>
    <ClCompile Include="externals\imgui\imgui_demo.cpp">
      <Filter>Source Files</Filter>
    </ClCompile>
    <ClCompile Include="externals\imgui\imgui_draw.cpp">
      <Filter>Source Files</Filter>
    </ClCompile>
    <ClCompile Include="externals\imgui\imgui_tables.cpp">
      <Filter>Source Files</Filter>
    </ClCompile>
    <ClCompile Include="externals\imgui\imgui_widgets.cpp">
      <Filter>Source Files</Filter>
    </ClCompile>
    <ClCompile Include="externals\imgui\misc\cpp\imgui_stdlib.cpp">
      <Filter>Source Files</Filter>
    </ClCompile>
    <ClCompile Include="externals\imgui\misc\fonts\binary_to_compressed_c.cpp">
      <Filter>Source Files</Filter>
    </ClCompile>
    <ClCompile Include="externals\imgui\misc\freetype\imgui_freetype.cpp">
      <Filter>Source Files</Filter>
    </ClCompile>
  </ItemGroup>
  <ItemGroup>
    <ClInclude Include="externals\imgui\backends\imgui_impl_dx10.h">
      <Filter>Header Files</Filter>
    </ClInclude>
    <ClInclude Include="externals\imgui\backends\imgui_impl_dx11.h">
      <Filter>Header Files</Filter>
    </ClInclude>
    <ClInclude Include="externals\imgui\backends\imgui_impl_dx12.h">
      <Filter>Header Files</Filter>
    </ClInclude>
    <ClInclude Include="externals\imgui\backends\imgui_impl_dx9.h">
      <Filter>Header Files</Filter>
    </ClInclude>
    <ClInclude Include="externals\imgui\backends\imgui_impl_glfw.h">
      <Filter>Header Files</Filter>
    </ClInclude>
    <ClInclude Include="externals\imgui\backends\imgui_impl_glut.h">
      <Filter>Header Files</Filter>
    </ClInclude>
    <ClInclude Include="externals\imgui\backends\imgui_impl_metal.h">
      <Filter>Header Files</Filter>
    </ClInclude>
    <ClInclude Include="externals\imgui\backends\imgui_impl_opengl2.h">
      <Filter>Header Files</Filter>
    </ClInclude>
    <ClInclude Include="externals\imgui\backends\imgui_impl_opengl3.h">
      <Filter>Header Files</Filter>
    </ClInclude>
    <ClInclude Include="externals\imgui\backends\imgui_impl_opengl3_loader.h">
      <Filter>Header Files</Filter>
    </ClInclude>
    <ClInclude Include="externals\imgui\backends\imgui_impl_osx.h">
      <Filter>Header Files</Filter>
    </ClInclude>
    <ClInclude Include="externals\imgui\backends\imgui_impl_sdl2.h">
      <Filter>Header Files</Filter>
    </ClInclude>
    <ClInclude Include="externals\imgui\backends\imgui_impl_sdl3.h">
      <Filter>Header Files</Filter>
    </ClInclude>
    <ClInclude Include="externals\imgui\backends\imgui_impl_sdlgpu3.h">
      <Filter>Header Files</Filter>
    </ClInclude>
    <ClInclude Include="externals\imgui\backends\imgui_impl_sdlgpu3_shaders.h">
      <Filter>Header Files</Filter>
    </ClInclude>
    <ClInclude Include="externals\imgui\backends\imgui_impl_sdlrenderer2.h">
      <Filter>Header Files</Filter>
    </ClInclude>
    <ClInclude Include="externals\imgui\backends\imgui_impl_sdlrenderer3.h">
      <Filter>Header Files</Filter>
    </ClInclude>
    <ClInclude Include="externals\imgui\backends\imgui_impl_vulkan.h">
      <Filter>Header Files</Filter>
    </ClInclude>
    <ClInclude Include="externals\imgui\backends\imgui_impl_wgpu.h">
      <Filter>Header Files</Filter>
    </ClInclude>
    <ClInclude Include="externals\imgui\backends\imgui_impl_win32.h">
      <Filter>Header Files</Filter>
    </ClInclude>
    <ClInclude Include="externals\imgui\imconfig.h">
      <Filter>Header Files</Filter>
    </ClInclude>
    <ClInclude Include="externals\imgui\imgui.h">
      <Filter>Header Files</Filter>
    </ClInclude>
    <ClInclude Include="externals\imgui\imgui_internal.h">
      <Filter>Header Files</Filter>
    </ClInclude>
    <ClInclude Include="externals\imgui\imstb_rectpack.h">
      <Filter>Header Files</Filter>
    </ClInclude>
    <ClInclude Include="externals\imgui\imstb_textedit.h">
      <Filter>Header Files</Filter>
    </ClInclude>
    <ClInclude Include="externals\imgui\imstb_truetype.h">
      <Filter>Header Files</Filter>
    </ClInclude>
    <ClInclude Include="externals\magic_enum\include\magic_enum\magic_enum.hpp">
      <Filter>Header Files</Filter>
    </ClInclude>
    <ClInclude Include="externals\magic_enum\include\magic_enum\magic_enum_all.hpp">
      <Filter>Header Files</Filter>
    </ClInclude>
    <ClInclude Include="externals\magic_enum\include\magic_enum\magic_enum_containers.hpp">
      <Filter>Header Files</Filter>
    </ClInclude>
    <ClInclude Include="externals\magic_enum\include\magic_enum\magic_enum_flags.hpp">
      <Filter>Header Files</Filter>
    </ClInclude>
    <ClInclude Include="externals\magic_enum\include\magic_enum\magic_enum_format.hpp">
      <Filter>Header Files</Filter>
    </ClInclude>
    <ClInclude Include="externals\magic_enum\include\magic_enum\magic_enum_fuse.hpp">
      <Filter>Header Files</Filter>
    </ClInclude>
    <ClInclude Include="externals\magic_enum\include\magic_enum\magic_enum_iostream.hpp">
      <Filter>Header Files</Filter>
    </ClInclude>
    <ClInclude Include="externals\magic_enum\include\magic_enum\magic_enum_switch.hpp">
      <Filter>Header Files</Filter>
    </ClInclude>
    <ClInclude Include="externals\magic_enum\include\magic_enum\magic_enum_utility.hpp">
      <Filter>Header Files</Filter>
    </ClInclude>
    <ClInclude Include="externals\refl-cpp\include\refl.hpp">
      <Filter>Header Files</Filter>
    </ClInclude>
    <ClInclude Include="externals\imgui\misc\cpp\imgui_stdlib.h">
      <Filter>Header Files</Filter>
    </ClInclude>
    <ClInclude Include="externals\imgui\misc\freetype\imgui_freetype.h">
      <Filter>Header Files</Filter>
    </ClInclude>
    <ClInclude Include="externals\imgui\misc\single_file\imgui_single_file.h">
      <Filter>Header Files</Filter>
    </ClInclude>
  </ItemGroup>
  <ItemGroup>
    <Natvis Include="externals\imgui\misc\debuggers\imgui.natvis" />
  </ItemGroup>
</Project>